{
  "name": "backend",
  "lockfileVersion": 3,
  "requires": true,
  "packages": {
    "": {
      "dependencies": {
        "bison": "^1.1.1",
        "bson": "^7.2.0"
      }
    },
    "node_modules/bison": {
      "version": "1.1.1",
      "resolved": "https://registry.npmjs.org/bison/-/bison-1.1.1.tgz",
      "integrity": "sha512-/CwwsmSuB0c9aUEEzGoFog79ziEh2tAny+mPyC6CDOt+smY0LqHKzpKprv1YLvSGqxZlQ0ycfnrNfiUpVGSjJw==",
      "engines": {
        "node": ">=0.1.9"
      }
    },
    "node_modules/bson": {
      "version": "7.2.0",
      "resolved": "https://registry.npmjs.org/bson/-/bson-7.2.0.tgz",
      "integrity": "sha512-YCEo7KjMlbNlyHhz7zAZNDpIpQbd+wOEHJYezv0nMYTn4x31eIUM2yomNNubclAt63dObUzKHWsBLJ9QcZNSnQ==",
      "license": "Apache-2.0",
      "engines": {
        "node": ">=20.19.0"
      }
    }
  }
}
